// !$*UTF8*$!
{
	archiveVersion = 1;
	classes = {
	};
	objectVersion = 46;
	objects = {

/* Begin PBXBuildFile section */
		0D0F78081C85864600A89691 /* AppDelegate.swift in Sources */ = {isa = PBXBuildFile; fileRef = 0D0F78071C85864600A89691 /* AppDelegate.swift */; };
		0D0F780A1C85864600A89691 /* ViewController.swift in Sources */ = {isa = PBXBuildFile; fileRef = 0D0F78091C85864600A89691 /* ViewController.swift */; };
		0D0F780D1C85864600A89691 /* Main.storyboard in Resources */ = {isa = PBXBuildFile; fileRef = 0D0F780B1C85864600A89691 /* Main.storyboard */; };
		0D0F780F1C85864600A89691 /* Assets.xcassets in Resources */ = {isa = PBXBuildFile; fileRef = 0D0F780E1C85864600A89691 /* Assets.xcassets */; };
		0D0F78121C85864600A89691 /* LaunchScreen.storyboard in Resources */ = {isa = PBXBuildFile; fileRef = 0D0F78101C85864600A89691 /* LaunchScreen.storyboard */; };
		0D0F781D1C85864600A89691 /* Tutorial_01_HelloWorldTests.swift in Sources */ = {isa = PBXBuildFile; fileRef = 0D0F781C1C85864600A89691 /* Tutorial_01_HelloWorldTests.swift */; };
		0D0F78281C85864600A89691 /* Tutorial_01_HelloWorldUITests.swift in Sources */ = {isa = PBXBuildFile; fileRef = 0D0F78271C85864600A89691 /* Tutorial_01_HelloWorldUITests.swift */; };
/* End PBXBuildFile section */

/* Begin PBXContainerItemProxy section */
		0D0F78191C85864600A89691 /* PBXContainerItemProxy */ = {
			isa = PBXContainerItemProxy;
			containerPortal = 0D0F77FC1C85864600A89691 /* Project object */;
			proxyType = 1;
			remoteGlobalIDString = 0D0F78031C85864600A89691;
			remoteInfo = Tutorial_01_HelloWorld;
		};
		0D0F78241C85864600A89691 /* PBXContainerItemProxy */ = {
			isa = PBXContainerItemProxy;
			containerPortal = 0D0F77FC1C85864600A89691 /* Project object */;
			proxyType = 1;
			remoteGlobalIDString = 0D0F78031C85864600A89691;
			remoteInfo = Tutorial_01_HelloWorld;
		};
/* End PBXContainerItemProxy section */

/* Begin PBXFileReference section */
		0D0F78041C85864600A89691 /* Tutorial_01_HelloWorld.app */ = {isa = PBXFileReference; explicitFileType = wrapper.application; includeInIndex = 0; path = Tutorial_01_HelloWorld.app; sourceTree = BUILT_PRODUCTS_DIR; };
		0D0F78071C85864600A89691 /* AppDelegate.swift */ = {isa = PBXFileReference; lastKnownFileType = sourcecode.swift; path = AppDelegate.swift; sourceTree = "<group>"; };
		0D0F78091C85864600A89691 /* ViewController.swift */ = {isa = PBXFileReference; lastKnownFileType = sourcecode.swift; path = ViewController.swift; sourceTree = "<group>"; };
		0D0F780C1C85864600A89691 /* Base */ = {isa = PBXFileReference; lastKnownFileType = file.storyboard; name = Base; path = Base.lproj/Main.storyboard; sourceTree = "<group>"; };
		0D0F780E1C85864600A89691 /* Assets.xcassets */ = {isa = PBXFileReference; lastKnownFileType = folder.assetcatalog; path = Assets.xcassets; sourceTree = "<group>"; };
		0D0F78111C85864600A89691 /* Base */ = {isa = PBXFileReference; lastKnownFileType = file.storyboard; name = Base; path = Base.lproj/LaunchScreen.storyboard; sourceTree = "<group>"; };
		0D0F78131C85864600A89691 /* Info.plist */ = {isa = PBXFileReference; lastKnownFileType = text.plist.xml; path = Info.plist; sourceTree = "<group>"; };
		0D0F78181C85864600A89691 /* Tutorial_01_HelloWorldTests.xctest */ = {isa = PBXFileReference; explicitFileType = wrapper.cfbundle; includeInIndex = 0; path = Tutorial_01_HelloWorldTests.xctest; sourceTree = BUILT_PRODUCTS_DIR; };
		0D0F781C1C85864600A89691 /* Tutorial_01_HelloWorldTests.swift */ = {isa = PBXFileReference; lastKnownFileType = sourcecode.swift; path = Tutorial_01_HelloWorldTests.swift; sourceTree = "<group>"; };
		0D0F781E1C85864600A89691 /* Info.plist */ = {isa = PBXFileReference; lastKnownFileType = text.plist.xml; path = Info.plist; sourceTree = "<group>"; };
		0D0F78231C85864600A89691 /* Tutorial_01_HelloWorldUITests.xctest */ = {isa = PBXFileReference; explicitFileType = wrapper.cfbundle; includeInIndex = 0; path = Tutorial_01_HelloWorldUITests.xctest; sourceTree = BUILT_PRODUCTS_DIR; };
		0D0F78271C85864600A89691 /* Tutorial_01_HelloWorldUITests.swift */ = {isa = PBXFileReference; lastKnownFileType = sourcecode.swift; path = Tutorial_01_HelloWorldUITests.swift; sourceTree = "<group>"; };
		0D0F78291C85864600A89691 /* Info.plist */ = {isa = PBXFileReference; lastKnownFileType = text.plist.xml; path = Info.plist; sourceTree = "<group>"; };
/* End PBXFileReference section */

/* Begin PBXFrameworksBuildPhase section */
		0D0F78011C85864600A89691 /* Frameworks */ = {
			isa = PBXFrameworksBuildPhase;
			buildActionMask = 2147483647;
			files = (
			);
			runOnlyForDeploymentPostprocessing = 0;
		};
		0D0F78151C85864600A89691 /* Frameworks */ = {
			isa = PBXFrameworksBuildPhase;
			buildActionMask = 2147483647;
			files = (
			);
			runOnlyForDeploymentPostprocessing = 0;
		};
		0D0F78201C85864600A89691 /* Frameworks */ = {
			isa = PBXFrameworksBuildPhase;
			buildActionMask = 2147483647;
			files = (
			);
			runOnlyForDeploymentPostprocessing = 0;
		};
/* End PBXFrameworksBuildPhase section */

/* Begin PBXGroup section */
		0D0F77FB1C85864600A89691 = {
			isa = PBXGroup;
			children = (
				0D0F78061C85864600A89691 /* Tutorial_01_HelloWorld */,
				0D0F781B1C85864600A89691 /* Tutorial_01_HelloWorldTests */,
				0D0F78261C85864600A89691 /* Tutorial_01_HelloWorldUITests */,
				0D0F78051C85864600A89691 /* Products */,
			);
			sourceTree = "<group>";
		};
		0D0F78051C85864600A89691 /* Products */ = {
			isa = PBXGroup;
			children = (
				0D0F78041C85864600A89691 /* Tutorial_01_HelloWorld.app */,
				0D0F78181C85864600A89691 /* Tutorial_01_HelloWorldTests.xctest */,
				0D0F78231C85864600A89691 /* Tutorial_01_HelloWorldUITests.xctest */,
			);
			name = Products;
			sourceTree = "<group>";
		};
		0D0F78061C85864600A89691 /* Tutorial_01_HelloWorld */ = {
			isa = PBXGroup;
			children = (
				0D0F78071C85864600A89691 /* AppDelegate.swift */,
				0D0F78091C85864600A89691 /* ViewController.swift */,
				0D0F780B1C85864600A89691 /* Main.storyboard */,
				0D0F780E1C85864600A89691 /* Assets.xcassets */,
				0D0F78101C85864600A89691 /* LaunchScreen.storyboard */,
				0D0F78131C85864600A89691 /* Info.plist */,
			);
			path = Tutorial_01_HelloWorld;
			sourceTree = "<group>";
		};
		0D0F781B1C85864600A89691 /* Tutorial_01_HelloWorldTests */ = {
			isa = PBXGroup;
			children = (
				0D0F781C1C85864600A89691 /* Tutorial_01_HelloWorldTests.swift */,
				0D0F781E1C85864600A89691 /* Info.plist */,
			);
			path = Tutorial_01_HelloWorldTests;
			sourceTree = "<group>";
		};
		0D0F78261C85864600A89691 /* Tutorial_01_HelloWorldUITests */ = {
			isa = PBXGroup;
			children = (
				0D0F78271C85864600A89691 /* Tutorial_01_HelloWorldUITests.swift */,
				0D0F78291C85864600A89691 /* Info.plist */,
			);
			path = Tutorial_01_HelloWorldUITests;
			sourceTree = "<group>";
		};
/* End PBXGroup section */

/* Begin PBXNativeTarget section */
		0D0F78031C85864600A89691 /* Tutorial_01_HelloWorld */ = {
			isa = PBXNativeTarget;
			buildConfigurationList = 0D0F782C1C85864700A89691 /* Build configuration list for PBXNativeTarget "Tutorial_01_HelloWorld" */;
			buildPhases = (
				0D0F78001C85864600A89691 /* Sources */,
				0D0F78011C85864600A89691 /* Frameworks */,
				0D0F78021C85864600A89691 /* Resources */,
			);
			buildRules = (
			);
			dependencies = (
			);
			name = Tutorial_01_HelloWorld;
			productName = Tutorial_01_HelloWorld;
			productReference = 0D0F78041C85864600A89691 /* Tutorial_01_HelloWorld.app */;
			productType = "com.apple.product-type.application";
		};
		0D0F78171C85864600A89691 /* Tutorial_01_HelloWorldTests */ = {
			isa = PBXNativeTarget;
			buildConfigurationList = 0D0F782F1C85864700A89691 /* Build configuration list for PBXNativeTarget "Tutorial_01_HelloWorldTests" */;
			buildPhases = (
				0D0F78141C85864600A89691 /* Sources */,
				0D0F78151C85864600A89691 /* Frameworks */,
				0D0F78161C85864600A89691 /* Resources */,
			);
			buildRules = (
			);
			dependencies = (
				0D0F781A1C85864600A89691 /* PBXTargetDependency */,
			);
			name = Tutorial_01_HelloWorldTests;
			productName = Tutorial_01_HelloWorldTests;
			productReference = 0D0F78181C85864600A89691 /* Tutorial_01_HelloWorldTests.xctest */;
			productType = "com.apple.product-type.bundle.unit-test";
		};
		0D0F78221C85864600A89691 /* Tutorial_01_HelloWorldUITests */ = {
			isa = PBXNativeTarget;
			buildConfigurationList = 0D0F78321C85864700A89691 /* Build configuration list for PBXNativeTarget "Tutorial_01_HelloWorldUITests" */;
			buildPhases = (
				0D0F781F1C85864600A89691 /* Sources */,
				0D0F78201C85864600A89691 /* Frameworks */,
				0D0F78211C85864600A89691 /* Resources */,
			);
			buildRules = (
			);
			dependencies = (
				0D0F78251C85864600A89691 /* PBXTargetDependency */,
			);
			name = Tutorial_01_HelloWorldUITests;
			productName = Tutorial_01_HelloWorldUITests;
			productReference = 0D0F78231C85864600A89691 /* Tutorial_01_HelloWorldUITests.xctest */;
			productType = "com.apple.product-type.bundle.ui-testing";
		};
/* End PBXNativeTarget section */

/* Begin PBXProject section */
		0D0F77FC1C85864600A89691 /* Project object */ = {
			isa = PBXProject;
			attributes = {
				LastSwiftUpdateCheck = 0720;
				LastUpgradeCheck = 0720;
				ORGANIZATIONNAME = Tuan_Quang;
				TargetAttributes = {
					0D0F78031C85864600A89691 = {
						CreatedOnToolsVersion = 7.2.1;
					};
					0D0F78171C85864600A89691 = {
						CreatedOnToolsVersion = 7.2.1;
						TestTargetID = 0D0F78031C85864600A89691;
					};
					0D0F78221C85864600A89691 = {
						CreatedOnToolsVersion = 7.2.1;
						TestTargetID = 0D0F78031C85864600A89691;
					};
				};
			};
			buildConfigurationList = 0D0F77FF1C85864600A89691 /* Build configuration list for PBXProject "Tutorial_01_HelloWorld" */;
			compatibilityVersion = "Xcode 3.2";
			developmentRegion = English;
			hasScannedForEncodings = 0;
			knownRegions = (
				en,
				Base,
			);
			mainGroup = 0D0F77FB1C85864600A89691;
			productRefGroup = 0D0F78051C85864600A89691 /* Products */;
			projectDirPath = "";
			projectRoot = "";
			targets = (
				0D0F78031C85864600A89691 /* Tutorial_01_HelloWorld */,
				0D0F78171C85864600A89691 /* Tutorial_01_HelloWorldTests */,
				0D0F78221C85864600A89691 /* Tutorial_01_HelloWorldUITests */,
			);
		};
/* End PBXProject section */

/* Begin PBXResourcesBuildPhase section */
		0D0F78021C85864600A89691 /* Resources */ = {
			isa = PBXResourcesBuildPhase;
			buildActionMask = 2147483647;
			files = (
				0D0F78121C85864600A89691 /* LaunchScreen.storyboard in Resources */,
				0D0F780F1C85864600A89691 /* Assets.xcassets in Resources */,
				0D0F780D1C85864600A89691 /* Main.storyboard in Resources */,
			);
			runOnlyForDeploymentPostprocessing = 0;
		};
		0D0F78161C85864600A89691 /* Resources */ = {
			isa = PBXResourcesBuildPhase;
			buildActionMask = 2147483647;
			files = (
			);
			runOnlyForDeploymentPostprocessing = 0;
		};
		0D0F78211C85864600A89691 /* Resources */ = {
			isa = PBXResourcesBuildPhase;
			buildActionMask = 2147483647;
			files = (
			);
			runOnlyForDeploymentPostprocessing = 0;
		};
/* End PBXResourcesBuildPhase section */

/* Begin PBXSourcesBuildPhase section */
		0D0F78001C85864600A89691 /* Sources */ = {
			isa = PBXSourcesBuildPhase;
			buildActionMask = 2147483647;
			files = (
				0D0F780A1C85864600A89691 /* ViewController.swift in Sources */,
				0D0F78081C85864600A89691 /* AppDelegate.swift in Sources */,
			);
			runOnlyForDeploymentPostprocessing = 0;
		};
		0D0F78141C85864600A89691 /* Sources */ = {
			isa = PBXSourcesBuildPhase;
			buildActionMask = 2147483647;
			files = (
				0D0F781D1C85864600A89691 /* Tutorial_01_HelloWorldTests.swift in Sources */,
			);
			runOnlyForDeploymentPostprocessing = 0;
		};
		0D0F781F1C85864600A89691 /* Sources */ = {
			isa = PBXSourcesBuildPhase;
			buildActionMask = 2147483647;
			files = (
				0D0F78281C85864600A89691 /* Tutorial_01_HelloWorldUITests.swift in Sources */,
			);
			runOnlyForDeploymentPostprocessing = 0;
		};
/* End PBXSourcesBuildPhase section */

/* Begin PBXTargetDependency section */
		0D0F781A1C85864600A89691 /* PBXTargetDependency */ = {
			isa = PBXTargetDependency;
			target = 0D0F78031C85864600A89691 /* Tutorial_01_HelloWorld */;
			targetProxy = 0D0F78191C85864600A89691 /* PBXContainerItemProxy */;
		};
		0D0F78251C85864600A89691 /* PBXTargetDependency */ = {
			isa = PBXTargetDependency;
			target = 0D0F78031C85864600A89691 /* Tutorial_01_HelloWorld */;
			targetProxy = 0D0F78241C85864600A89691 /* PBXContainerItemProxy */;
		};
/* End PBXTargetDependency section */

/* Begin PBXVariantGroup section */
		0D0F780B1C85864600A89691 /* Main.storyboard */ = {
			isa = PBXVariantGroup;
			children = (
				0D0F780C1C85864600A89691 /* Base */,
			);
			name = Main.storyboard;
			sourceTree = "<group>";
		};
		0D0F78101C85864600A89691 /* LaunchScreen.storyboard */ = {
			isa = PBXVariantGroup;
			children = (
				0D0F78111C85864600A89691 /* Base */,
			);
			name = LaunchScreen.storyboard;
			sourceTree = "<group>";
		};
/* End PBXVariantGroup section */

/* Begin XCBuildConfiguration section */
		0D0F782A1C85864700A89691 /* Debug */ = {
			isa = XCBuildConfiguration;
			buildSettings = {
				ALWAYS_SEARCH_USER_PATHS = NO;
				CLANG_CXX_LANGUAGE_STANDARD = "gnu++0x";
				CLANG_CXX_LIBRARY = "libc++";
				CLANG_ENABLE_MODULES = YES;
				CLANG_ENABLE_OBJC_ARC = YES;
				CLANG_WARN_BOOL_CONVERSION = YES;
				CLANG_WARN_CONSTANT_CONVERSION = YES;
				CLANG_WARN_DIRECT_OBJC_ISA_USAGE = YES_ERROR;
				CLANG_WARN_EMPTY_BODY = YES;
				CLANG_WARN_ENUM_CONVERSION = YES;
				CLANG_WARN_INT_CONVERSION = YES;
				CLANG_WARN_OBJC_ROOT_CLASS = YES_ERROR;
				CLANG_WARN_UNREACHABLE_CODE = YES;
				CLANG_WARN__DUPLICATE_METHOD_MATCH = YES;
				"CODE_SIGN_IDENTITY[sdk=iphoneos*]" = "iPhone Developer";
				COPY_PHASE_STRIP = NO;
				DEBUG_INFORMATION_FORMAT = dwarf;
				ENABLE_STRICT_OBJC_MSGSEND = YES;
				ENABLE_TESTABILITY = YES;
				GCC_C_LANGUAGE_STANDARD = gnu99;
				GCC_DYNAMIC_NO_PIC = NO;
				GCC_NO_COMMON_BLOCKS = YES;
				GCC_OPTIMIZATION_LEVEL = 0;
				GCC_PREPROCESSOR_DEFINITIONS = (
					"DEBUG=1",
					"$(inherited)",
				);
				GCC_WARN_64_TO_32_BIT_CONVERSION = YES;
				GCC_WARN_ABOUT_RETURN_TYPE = YES_ERROR;
				GCC_WARN_UNDECLARED_SELECTOR = YES;
				GCC_WARN_UNINITIALIZED_AUTOS = YES_AGGRESSIVE;
				GCC_WARN_UNUSED_FUNCTION = YES;
				GCC_WARN_UNUSED_VARIABLE = YES;
				IPHONEOS_DEPLOYMENT_TARGET = 9.2;
				MTL_ENABLE_DEBUG_INFO = YES;
				ONLY_ACTIVE_ARCH = YES;
				SDKROOT = iphoneos;
				SWIFT_OPTIMIZATION_LEVEL = "-Onone";
			};
			name = Debug;
		};
		0D0F782B1C85864700A89691 /* Release */ = {
			isa = XCBuildConfiguration;
			buildSettings = {
				ALWAYS_SEARCH_USER_PATHS = NO;
				CLANG_CXX_LANGUAGE_STANDARD = "gnu++0x";
				CLANG_CXX_LIBRARY = "libc++";
				CLANG_ENABLE_MODULES = YES;
				CLANG_ENABLE_OBJC_ARC = YES;
				CLANG_WARN_BOOL_CONVERSION = YES;
				CLANG_WARN_CONSTANT_CONVERSION = YES;
				CLANG_WARN_DIRECT_OBJC_ISA_USAGE = YES_ERROR;
				CLANG_WARN_EMPTY_BODY = YES;
				CLANG_WARN_ENUM_CONVERSION = YES;
				CLANG_WARN_INT_CONVERSION = YES;
				CLANG_WARN_OBJC_ROOT_CLASS = YES_ERROR;
				CLANG_WARN_UNREACHABLE_CODE = YES;
				CLANG_WARN__DUPLICATE_METHOD_MATCH = YES;
				"CODE_SIGN_IDENTITY[sdk=iphoneos*]" = "iPhone Developer";
				COPY_PHASE_STRIP = NO;
				DEBUG_INFORMATION_FORMAT = "dwarf-with-dsym";
				ENABLE_NS_ASSERTIONS = NO;
				ENABLE_STRICT_OBJC_MSGSEND = YES;
				GCC_C_LANGUAGE_STANDARD = gnu99;
				GCC_NO_COMMON_BLOCKS = YES;
				GCC_WARN_64_TO_32_BIT_CONVERSION = YES;
				GCC_WARN_ABOUT_RETURN_TYPE = YES_ERROR;
				GCC_WARN_UNDECLARED_SELECTOR = YES;
				GCC_WARN_UNINITIALIZED_AUTOS = YES_AGGRESSIVE;
				GCC_WARN_UNUSED_FUNCTION = YES;
				GCC_WARN_UNUSED_VARIABLE = YES;
				IPHONEOS_DEPLOYMENT_TARGET = 9.2;
				MTL_ENABLE_DEBUG_INFO = NO;
				SDKROOT = iphoneos;
				VALIDATE_PRODUCT = YES;
			};
			name = Release;
		};
		0D0F782D1C85864700A89691 /* Debug */ = {
			isa = XCBuildConfiguration;
			buildSettings = {
				ASSETCATALOG_COMPILER_APPICON_NAME = AppIcon;
				INFOPLIST_FILE = Tutorial_01_HelloWorld/Info.plist;
				LD_RUNPATH_SEARCH_PATHS = "$(inherited) @executable_path/Frameworks";
				PRODUCT_BUNDLE_IDENTIFIER = "github.tuanquanghpvn.Tutorial-01-HelloWorld";
				PRODUCT_NAME = "$(TARGET_NAME)";
			};
			name = Debug;
		};
		0D0F782E1C85864700A89691 /* Release */ = {
			isa = XCBuildConfiguration;
			buildSettings = {
				ASSETCATALOG_COMPILER_APPICON_NAME = AppIcon;
				INFOPLIST_FILE = Tutorial_01_HelloWorld/Info.plist;
				LD_RUNPATH_SEARCH_PATHS = "$(inherited) @executable_path/Frameworks";
				PRODUCT_BUNDLE_IDENTIFIER = "github.tuanquanghpvn.Tutorial-01-HelloWorld";
				PRODUCT_NAME = "$(TARGET_NAME)";
			};
			name = Release;
		};
		0D0F78301C85864700A89691 /* Debug */ = {
			isa = XCBuildConfiguration;
			buildSettings = {
				BUNDLE_LOADER = "$(TEST_HOST)";
				INFOPLIST_FILE = Tutorial_01_HelloWorldTests/Info.plist;
				LD_RUNPATH_SEARCH_PATHS = "$(inherited) @executable_path/Frameworks @loader_path/Frameworks";
				PRODUCT_BUNDLE_IDENTIFIER = "github.tuanquanghpvn.Tutorial-01-HelloWorldTests";
				PRODUCT_NAME = "$(TARGET_NAME)";
				TEST_HOST = "$(BUILT_PRODUCTS_DIR)/Tutorial_01_HelloWorld.app/Tutorial_01_HelloWorld";
			};
			name = Debug;
		};
		0D0F78311C85864700A89691 /* Release */ = {
			isa = XCBuildConfiguration;
			buildSettings = {
				BUNDLE_LOADER = "$(TEST_HOST)";
				INFOPLIST_FILE = Tutorial_01_HelloWorldTests/Info.plist;
				LD_RUNPATH_SEARCH_PATHS = "$(inherited) @executable_path/Frameworks @loader_path/Frameworks";
				PRODUCT_BUNDLE_IDENTIFIER = "github.tuanquanghpvn.Tutorial-01-HelloWorldTests";
				PRODUCT_NAME = "$(TARGET_NAME)";
				TEST_HOST = "$(BUILT_PRODUCTS_DIR)/Tutorial_01_HelloWorld.app/Tutorial_01_HelloWorld";
			};
			name = Release;
		};
		0D0F78331C85864700A89691 /* Debug */ = {
			isa = XCBuildConfiguration;
			buildSettings = {
				INFOPLIST_FILE = Tutorial_01_HelloWorldUITests/Info.plist;
				LD_RUNPATH_SEARCH_PATHS = "$(inherited) @executable_path/Frameworks @loader_path/Frameworks";
				PRODUCT_BUNDLE_IDENTIFIER = "github.tuanquanghpvn.Tutorial-01-HelloWorldUITests";
				PRODUCT_NAME = "$(TARGET_NAME)";
				TEST_TARGET_NAME = Tutorial_01_HelloWorld;
				USES_XCTRUNNER = YES;
			};
			name = Debug;
		};
		0D0F78341C85864700A89691 /* Release */ = {
			isa = XCBuildConfiguration;
			buildSettings = {
				INFOPLIST_FILE = Tutorial_01_HelloWorldUITests/Info.plist;
				LD_RUNPATH_SEARCH_PATHS = "$(inherited) @executable_path/Frameworks @loader_path/Frameworks";
				PRODUCT_BUNDLE_IDENTIFIER = "github.tuanquanghpvn.Tutorial-01-HelloWorldUITests";
				PRODUCT_NAME = "$(TARGET_NAME)";
				TEST_TARGET_NAME = Tutorial_01_HelloWorld;
				USES_XCTRUNNER = YES;
			};
			name = Release;
		};
/* End XCBuildConfiguration section */

/* Begin XCConfigurationList section */
		0D0F77FF1C85864600A89691 /* Build configuration list for PBXProject "Tutorial_01_HelloWorld" */ = {
			isa = XCConfigurationList;
			buildConfigurations = (
				0D0F782A1C85864700A89691 /* Debug */,
				0D0F782B1C85864700A89691 /* Release */,
			);
			defaultConfigurationIsVisible = 0;
			defaultConfigurationName = Release;
		};
		0D0F782C1C85864700A89691 /* Build configuration list for PBXNativeTarget "Tutorial_01_HelloWorld" */ = {
			isa = XCConfigurationList;
			buildConfigurations = (
				0D0F782D1C85864700A89691 /* Debug */,
				0D0F782E1C85864700A89691 /* Release */,
			);
			defaultConfigurationIsVisible = 0;
		};
		0D0F782F1C85864700A89691 /* Build configuration list for PBXNativeTarget "Tutorial_01_HelloWorldTests" */ = {
			isa = XCConfigurationList;
			buildConfigurations = (
				0D0F78301C85864700A89691 /* Debug */,
				0D0F78311C85864700A89691 /* Release */,
			);
			defaultConfigurationIsVisible = 0;
		};
		0D0F78321C85864700A89691 /* Build configuration list for PBXNativeTarget "Tutorial_01_HelloWorldUITests" */ = {
			isa = XCConfigurationList;
			buildConfigurations = (
				0D0F78331C85864700A89691 /* Debug */,
				0D0F78341C85864700A89691 /* Release */,
			);
			defaultConfigurationIsVisible = 0;
		};
/* End XCConfigurationList section */
	};
	rootObject = 0D0F77FC1C85864600A89691 /* Project object */;
}
