// !$*UTF8*$!
{
	archiveVersion = 1;
	classes = {
	};
	objectVersion = 46;
	objects = {

/* Begin PBXBuildFile section */
		0D132B001C87CD0300FB6B2A /* AppDelegate.swift in Sources */ = {isa = PBXBuildFile; fileRef = 0D132AFF1C87CD0300FB6B2A /* AppDelegate.swift */; };
		0D132B021C87CD0300FB6B2A /* ViewController.swift in Sources */ = {isa = PBXBuildFile; fileRef = 0D132B011C87CD0300FB6B2A /* ViewController.swift */; };
		0D132B051C87CD0300FB6B2A /* Main.storyboard in Resources */ = {isa = PBXBuildFile; fileRef = 0D132B031C87CD0300FB6B2A /* Main.storyboard */; };
		0D132B071C87CD0300FB6B2A /* Assets.xcassets in Resources */ = {isa = PBXBuildFile; fileRef = 0D132B061C87CD0300FB6B2A /* Assets.xcassets */; };
		0D132B0A1C87CD0300FB6B2A /* LaunchScreen.storyboard in Resources */ = {isa = PBXBuildFile; fileRef = 0D132B081C87CD0300FB6B2A /* LaunchScreen.storyboard */; };
		0D132B151C87CD0300FB6B2A /* Tutorial_08_ObjectFrameTests.swift in Sources */ = {isa = PBXBuildFile; fileRef = 0D132B141C87CD0300FB6B2A /* Tutorial_08_ObjectFrameTests.swift */; };
		0D132B201C87CD0300FB6B2A /* Tutorial_08_ObjectFrameUITests.swift in Sources */ = {isa = PBXBuildFile; fileRef = 0D132B1F1C87CD0300FB6B2A /* Tutorial_08_ObjectFrameUITests.swift */; };
/* End PBXBuildFile section */

/* Begin PBXContainerItemProxy section */
		0D132B111C87CD0300FB6B2A /* PBXContainerItemProxy */ = {
			isa = PBXContainerItemProxy;
			containerPortal = 0D132AF41C87CD0300FB6B2A /* Project object */;
			proxyType = 1;
			remoteGlobalIDString = 0D132AFB1C87CD0300FB6B2A;
			remoteInfo = Tutorial_08_ObjectFrame;
		};
		0D132B1C1C87CD0300FB6B2A /* PBXContainerItemProxy */ = {
			isa = PBXContainerItemProxy;
			containerPortal = 0D132AF41C87CD0300FB6B2A /* Project object */;
			proxyType = 1;
			remoteGlobalIDString = 0D132AFB1C87CD0300FB6B2A;
			remoteInfo = Tutorial_08_ObjectFrame;
		};
/* End PBXContainerItemProxy section */

/* Begin PBXFileReference section */
		0D132AFC1C87CD0300FB6B2A /* Tutorial_08_ObjectFrame.app */ = {isa = PBXFileReference; explicitFileType = wrapper.application; includeInIndex = 0; path = Tutorial_08_ObjectFrame.app; sourceTree = BUILT_PRODUCTS_DIR; };
		0D132AFF1C87CD0300FB6B2A /* AppDelegate.swift */ = {isa = PBXFileReference; lastKnownFileType = sourcecode.swift; path = AppDelegate.swift; sourceTree = "<group>"; };
		0D132B011C87CD0300FB6B2A /* ViewController.swift */ = {isa = PBXFileReference; lastKnownFileType = sourcecode.swift; path = ViewController.swift; sourceTree = "<group>"; };
		0D132B041C87CD0300FB6B2A /* Base */ = {isa = PBXFileReference; lastKnownFileType = file.storyboard; name = Base; path = Base.lproj/Main.storyboard; sourceTree = "<group>"; };
		0D132B061C87CD0300FB6B2A /* Assets.xcassets */ = {isa = PBXFileReference; lastKnownFileType = folder.assetcatalog; path = Assets.xcassets; sourceTree = "<group>"; };
		0D132B091C87CD0300FB6B2A /* Base */ = {isa = PBXFileReference; lastKnownFileType = file.storyboard; name = Base; path = Base.lproj/LaunchScreen.storyboard; sourceTree = "<group>"; };
		0D132B0B1C87CD0300FB6B2A /* Info.plist */ = {isa = PBXFileReference; lastKnownFileType = text.plist.xml; path = Info.plist; sourceTree = "<group>"; };
		0D132B101C87CD0300FB6B2A /* Tutorial_08_ObjectFrameTests.xctest */ = {isa = PBXFileReference; explicitFileType = wrapper.cfbundle; includeInIndex = 0; path = Tutorial_08_ObjectFrameTests.xctest; sourceTree = BUILT_PRODUCTS_DIR; };
		0D132B141C87CD0300FB6B2A /* Tutorial_08_ObjectFrameTests.swift */ = {isa = PBXFileReference; lastKnownFileType = sourcecode.swift; path = Tutorial_08_ObjectFrameTests.swift; sourceTree = "<group>"; };
		0D132B161C87CD0300FB6B2A /* Info.plist */ = {isa = PBXFileReference; lastKnownFileType = text.plist.xml; path = Info.plist; sourceTree = "<group>"; };
		0D132B1B1C87CD0300FB6B2A /* Tutorial_08_ObjectFrameUITests.xctest */ = {isa = PBXFileReference; explicitFileType = wrapper.cfbundle; includeInIndex = 0; path = Tutorial_08_ObjectFrameUITests.xctest; sourceTree = BUILT_PRODUCTS_DIR; };
		0D132B1F1C87CD0300FB6B2A /* Tutorial_08_ObjectFrameUITests.swift */ = {isa = PBXFileReference; lastKnownFileType = sourcecode.swift; path = Tutorial_08_ObjectFrameUITests.swift; sourceTree = "<group>"; };
		0D132B211C87CD0300FB6B2A /* Info.plist */ = {isa = PBXFileReference; lastKnownFileType = text.plist.xml; path = Info.plist; sourceTree = "<group>"; };
/* End PBXFileReference section */

/* Begin PBXFrameworksBuildPhase section */
		0D132AF91C87CD0300FB6B2A /* Frameworks */ = {
			isa = PBXFrameworksBuildPhase;
			buildActionMask = 2147483647;
			files = (
			);
			runOnlyForDeploymentPostprocessing = 0;
		};
		0D132B0D1C87CD0300FB6B2A /* Frameworks */ = {
			isa = PBXFrameworksBuildPhase;
			buildActionMask = 2147483647;
			files = (
			);
			runOnlyForDeploymentPostprocessing = 0;
		};
		0D132B181C87CD0300FB6B2A /* Frameworks */ = {
			isa = PBXFrameworksBuildPhase;
			buildActionMask = 2147483647;
			files = (
			);
			runOnlyForDeploymentPostprocessing = 0;
		};
/* End PBXFrameworksBuildPhase section */

/* Begin PBXGroup section */
		0D132AF31C87CD0300FB6B2A = {
			isa = PBXGroup;
			children = (
				0D132AFE1C87CD0300FB6B2A /* Tutorial_08_ObjectFrame */,
				0D132B131C87CD0300FB6B2A /* Tutorial_08_ObjectFrameTests */,
				0D132B1E1C87CD0300FB6B2A /* Tutorial_08_ObjectFrameUITests */,
				0D132AFD1C87CD0300FB6B2A /* Products */,
			);
			sourceTree = "<group>";
		};
		0D132AFD1C87CD0300FB6B2A /* Products */ = {
			isa = PBXGroup;
			children = (
				0D132AFC1C87CD0300FB6B2A /* Tutorial_08_ObjectFrame.app */,
				0D132B101C87CD0300FB6B2A /* Tutorial_08_ObjectFrameTests.xctest */,
				0D132B1B1C87CD0300FB6B2A /* Tutorial_08_ObjectFrameUITests.xctest */,
			);
			name = Products;
			sourceTree = "<group>";
		};
		0D132AFE1C87CD0300FB6B2A /* Tutorial_08_ObjectFrame */ = {
			isa = PBXGroup;
			children = (
				0D132AFF1C87CD0300FB6B2A /* AppDelegate.swift */,
				0D132B011C87CD0300FB6B2A /* ViewController.swift */,
				0D132B031C87CD0300FB6B2A /* Main.storyboard */,
				0D132B061C87CD0300FB6B2A /* Assets.xcassets */,
				0D132B081C87CD0300FB6B2A /* LaunchScreen.storyboard */,
				0D132B0B1C87CD0300FB6B2A /* Info.plist */,
			);
			path = Tutorial_08_ObjectFrame;
			sourceTree = "<group>";
		};
		0D132B131C87CD0300FB6B2A /* Tutorial_08_ObjectFrameTests */ = {
			isa = PBXGroup;
			children = (
				0D132B141C87CD0300FB6B2A /* Tutorial_08_ObjectFrameTests.swift */,
				0D132B161C87CD0300FB6B2A /* Info.plist */,
			);
			path = Tutorial_08_ObjectFrameTests;
			sourceTree = "<group>";
		};
		0D132B1E1C87CD0300FB6B2A /* Tutorial_08_ObjectFrameUITests */ = {
			isa = PBXGroup;
			children = (
				0D132B1F1C87CD0300FB6B2A /* Tutorial_08_ObjectFrameUITests.swift */,
				0D132B211C87CD0300FB6B2A /* Info.plist */,
			);
			path = Tutorial_08_ObjectFrameUITests;
			sourceTree = "<group>";
		};
/* End PBXGroup section */

/* Begin PBXNativeTarget section */
		0D132AFB1C87CD0300FB6B2A /* Tutorial_08_ObjectFrame */ = {
			isa = PBXNativeTarget;
			buildConfigurationList = 0D132B241C87CD0300FB6B2A /* Build configuration list for PBXNativeTarget "Tutorial_08_ObjectFrame" */;
			buildPhases = (
				0D132AF81C87CD0300FB6B2A /* Sources */,
				0D132AF91C87CD0300FB6B2A /* Frameworks */,
				0D132AFA1C87CD0300FB6B2A /* Resources */,
			);
			buildRules = (
			);
			dependencies = (
			);
			name = Tutorial_08_ObjectFrame;
			productName = Tutorial_08_ObjectFrame;
			productReference = 0D132AFC1C87CD0300FB6B2A /* Tutorial_08_ObjectFrame.app */;
			productType = "com.apple.product-type.application";
		};
		0D132B0F1C87CD0300FB6B2A /* Tutorial_08_ObjectFrameTests */ = {
			isa = PBXNativeTarget;
			buildConfigurationList = 0D132B271C87CD0300FB6B2A /* Build configuration list for PBXNativeTarget "Tutorial_08_ObjectFrameTests" */;
			buildPhases = (
				0D132B0C1C87CD0300FB6B2A /* Sources */,
				0D132B0D1C87CD0300FB6B2A /* Frameworks */,
				0D132B0E1C87CD0300FB6B2A /* Resources */,
			);
			buildRules = (
			);
			dependencies = (
				0D132B121C87CD0300FB6B2A /* PBXTargetDependency */,
			);
			name = Tutorial_08_ObjectFrameTests;
			productName = Tutorial_08_ObjectFrameTests;
			productReference = 0D132B101C87CD0300FB6B2A /* Tutorial_08_ObjectFrameTests.xctest */;
			productType = "com.apple.product-type.bundle.unit-test";
		};
		0D132B1A1C87CD0300FB6B2A /* Tutorial_08_ObjectFrameUITests */ = {
			isa = PBXNativeTarget;
			buildConfigurationList = 0D132B2A1C87CD0300FB6B2A /* Build configuration list for PBXNativeTarget "Tutorial_08_ObjectFrameUITests" */;
			buildPhases = (
				0D132B171C87CD0300FB6B2A /* Sources */,
				0D132B181C87CD0300FB6B2A /* Frameworks */,
				0D132B191C87CD0300FB6B2A /* Resources */,
			);
			buildRules = (
			);
			dependencies = (
				0D132B1D1C87CD0300FB6B2A /* PBXTargetDependency */,
			);
			name = Tutorial_08_ObjectFrameUITests;
			productName = Tutorial_08_ObjectFrameUITests;
			productReference = 0D132B1B1C87CD0300FB6B2A /* Tutorial_08_ObjectFrameUITests.xctest */;
			productType = "com.apple.product-type.bundle.ui-testing";
		};
/* End PBXNativeTarget section */

/* Begin PBXProject section */
		0D132AF41C87CD0300FB6B2A /* Project object */ = {
			isa = PBXProject;
			attributes = {
				LastSwiftUpdateCheck = 0720;
				LastUpgradeCheck = 0720;
				ORGANIZATIONNAME = Tuan_Quang;
				TargetAttributes = {
					0D132AFB1C87CD0300FB6B2A = {
						CreatedOnToolsVersion = 7.2.1;
					};
					0D132B0F1C87CD0300FB6B2A = {
						CreatedOnToolsVersion = 7.2.1;
						TestTargetID = 0D132AFB1C87CD0300FB6B2A;
					};
					0D132B1A1C87CD0300FB6B2A = {
						CreatedOnToolsVersion = 7.2.1;
						TestTargetID = 0D132AFB1C87CD0300FB6B2A;
					};
				};
			};
			buildConfigurationList = 0D132AF71C87CD0300FB6B2A /* Build configuration list for PBXProject "Tutorial_08_ObjectFrame" */;
			compatibilityVersion = "Xcode 3.2";
			developmentRegion = English;
			hasScannedForEncodings = 0;
			knownRegions = (
				en,
				Base,
			);
			mainGroup = 0D132AF31C87CD0300FB6B2A;
			productRefGroup = 0D132AFD1C87CD0300FB6B2A /* Products */;
			projectDirPath = "";
			projectRoot = "";
			targets = (
				0D132AFB1C87CD0300FB6B2A /* Tutorial_08_ObjectFrame */,
				0D132B0F1C87CD0300FB6B2A /* Tutorial_08_ObjectFrameTests */,
				0D132B1A1C87CD0300FB6B2A /* Tutorial_08_ObjectFrameUITests */,
			);
		};
/* End PBXProject section */

/* Begin PBXResourcesBuildPhase section */
		0D132AFA1C87CD0300FB6B2A /* Resources */ = {
			isa = PBXResourcesBuildPhase;
			buildActionMask = 2147483647;
			files = (
				0D132B0A1C87CD0300FB6B2A /* LaunchScreen.storyboard in Resources */,
				0D132B071C87CD0300FB6B2A /* Assets.xcassets in Resources */,
				0D132B051C87CD0300FB6B2A /* Main.storyboard in Resources */,
			);
			runOnlyForDeploymentPostprocessing = 0;
		};
		0D132B0E1C87CD0300FB6B2A /* Resources */ = {
			isa = PBXResourcesBuildPhase;
			buildActionMask = 2147483647;
			files = (
			);
			runOnlyForDeploymentPostprocessing = 0;
		};
		0D132B191C87CD0300FB6B2A /* Resources */ = {
			isa = PBXResourcesBuildPhase;
			buildActionMask = 2147483647;
			files = (
			);
			runOnlyForDeploymentPostprocessing = 0;
		};
/* End PBXResourcesBuildPhase section */

/* Begin PBXSourcesBuildPhase section */
		0D132AF81C87CD0300FB6B2A /* Sources */ = {
			isa = PBXSourcesBuildPhase;
			buildActionMask = 2147483647;
			files = (
				0D132B021C87CD0300FB6B2A /* ViewController.swift in Sources */,
				0D132B001C87CD0300FB6B2A /* AppDelegate.swift in Sources */,
			);
			runOnlyForDeploymentPostprocessing = 0;
		};
		0D132B0C1C87CD0300FB6B2A /* Sources */ = {
			isa = PBXSourcesBuildPhase;
			buildActionMask = 2147483647;
			files = (
				0D132B151C87CD0300FB6B2A /* Tutorial_08_ObjectFrameTests.swift in Sources */,
			);
			runOnlyForDeploymentPostprocessing = 0;
		};
		0D132B171C87CD0300FB6B2A /* Sources */ = {
			isa = PBXSourcesBuildPhase;
			buildActionMask = 2147483647;
			files = (
				0D132B201C87CD0300FB6B2A /* Tutorial_08_ObjectFrameUITests.swift in Sources */,
			);
			runOnlyForDeploymentPostprocessing = 0;
		};
/* End PBXSourcesBuildPhase section */

/* Begin PBXTargetDependency section */
		0D132B121C87CD0300FB6B2A /* PBXTargetDependency */ = {
			isa = PBXTargetDependency;
			target = 0D132AFB1C87CD0300FB6B2A /* Tutorial_08_ObjectFrame */;
			targetProxy = 0D132B111C87CD0300FB6B2A /* PBXContainerItemProxy */;
		};
		0D132B1D1C87CD0300FB6B2A /* PBXTargetDependency */ = {
			isa = PBXTargetDependency;
			target = 0D132AFB1C87CD0300FB6B2A /* Tutorial_08_ObjectFrame */;
			targetProxy = 0D132B1C1C87CD0300FB6B2A /* PBXContainerItemProxy */;
		};
/* End PBXTargetDependency section */

/* Begin PBXVariantGroup section */
		0D132B031C87CD0300FB6B2A /* Main.storyboard */ = {
			isa = PBXVariantGroup;
			children = (
				0D132B041C87CD0300FB6B2A /* Base */,
			);
			name = Main.storyboard;
			sourceTree = "<group>";
		};
		0D132B081C87CD0300FB6B2A /* LaunchScreen.storyboard */ = {
			isa = PBXVariantGroup;
			children = (
				0D132B091C87CD0300FB6B2A /* Base */,
			);
			name = LaunchScreen.storyboard;
			sourceTree = "<group>";
		};
/* End PBXVariantGroup section */

/* Begin XCBuildConfiguration section */
		0D132B221C87CD0300FB6B2A /* Debug */ = {
			isa = XCBuildConfiguration;
			buildSettings = {
				ALWAYS_SEARCH_USER_PATHS = NO;
				CLANG_CXX_LANGUAGE_STANDARD = "gnu++0x";
				CLANG_CXX_LIBRARY = "libc++";
				CLANG_ENABLE_MODULES = YES;
				CLANG_ENABLE_OBJC_ARC = YES;
				CLANG_WARN_BOOL_CONVERSION = YES;
				CLANG_WARN_CONSTANT_CONVERSION = YES;
				CLANG_WARN_DIRECT_OBJC_ISA_USAGE = YES_ERROR;
				CLANG_WARN_EMPTY_BODY = YES;
				CLANG_WARN_ENUM_CONVERSION = YES;
				CLANG_WARN_INT_CONVERSION = YES;
				CLANG_WARN_OBJC_ROOT_CLASS = YES_ERROR;
				CLANG_WARN_UNREACHABLE_CODE = YES;
				CLANG_WARN__DUPLICATE_METHOD_MATCH = YES;
				"CODE_SIGN_IDENTITY[sdk=iphoneos*]" = "iPhone Developer";
				COPY_PHASE_STRIP = NO;
				DEBUG_INFORMATION_FORMAT = dwarf;
				ENABLE_STRICT_OBJC_MSGSEND = YES;
				ENABLE_TESTABILITY = YES;
				GCC_C_LANGUAGE_STANDARD = gnu99;
				GCC_DYNAMIC_NO_PIC = NO;
				GCC_NO_COMMON_BLOCKS = YES;
				GCC_OPTIMIZATION_LEVEL = 0;
				GCC_PREPROCESSOR_DEFINITIONS = (
					"DEBUG=1",
					"$(inherited)",
				);
				GCC_WARN_64_TO_32_BIT_CONVERSION = YES;
				GCC_WARN_ABOUT_RETURN_TYPE = YES_ERROR;
				GCC_WARN_UNDECLARED_SELECTOR = YES;
				GCC_WARN_UNINITIALIZED_AUTOS = YES_AGGRESSIVE;
				GCC_WARN_UNUSED_FUNCTION = YES;
				GCC_WARN_UNUSED_VARIABLE = YES;
				IPHONEOS_DEPLOYMENT_TARGET = 9.2;
				MTL_ENABLE_DEBUG_INFO = YES;
				ONLY_ACTIVE_ARCH = YES;
				SDKROOT = iphoneos;
				SWIFT_OPTIMIZATION_LEVEL = "-Onone";
			};
			name = Debug;
		};
		0D132B231C87CD0300FB6B2A /* Release */ = {
			isa = XCBuildConfiguration;
			buildSettings = {
				ALWAYS_SEARCH_USER_PATHS = NO;
				CLANG_CXX_LANGUAGE_STANDARD = "gnu++0x";
				CLANG_CXX_LIBRARY = "libc++";
				CLANG_ENABLE_MODULES = YES;
				CLANG_ENABLE_OBJC_ARC = YES;
				CLANG_WARN_BOOL_CONVERSION = YES;
				CLANG_WARN_CONSTANT_CONVERSION = YES;
				CLANG_WARN_DIRECT_OBJC_ISA_USAGE = YES_ERROR;
				CLANG_WARN_EMPTY_BODY = YES;
				CLANG_WARN_ENUM_CONVERSION = YES;
				CLANG_WARN_INT_CONVERSION = YES;
				CLANG_WARN_OBJC_ROOT_CLASS = YES_ERROR;
				CLANG_WARN_UNREACHABLE_CODE = YES;
				CLANG_WARN__DUPLICATE_METHOD_MATCH = YES;
				"CODE_SIGN_IDENTITY[sdk=iphoneos*]" = "iPhone Developer";
				COPY_PHASE_STRIP = NO;
				DEBUG_INFORMATION_FORMAT = "dwarf-with-dsym";
				ENABLE_NS_ASSERTIONS = NO;
				ENABLE_STRICT_OBJC_MSGSEND = YES;
				GCC_C_LANGUAGE_STANDARD = gnu99;
				GCC_NO_COMMON_BLOCKS = YES;
				GCC_WARN_64_TO_32_BIT_CONVERSION = YES;
				GCC_WARN_ABOUT_RETURN_TYPE = YES_ERROR;
				GCC_WARN_UNDECLARED_SELECTOR = YES;
				GCC_WARN_UNINITIALIZED_AUTOS = YES_AGGRESSIVE;
				GCC_WARN_UNUSED_FUNCTION = YES;
				GCC_WARN_UNUSED_VARIABLE = YES;
				IPHONEOS_DEPLOYMENT_TARGET = 9.2;
				MTL_ENABLE_DEBUG_INFO = NO;
				SDKROOT = iphoneos;
				VALIDATE_PRODUCT = YES;
			};
			name = Release;
		};
		0D132B251C87CD0300FB6B2A /* Debug */ = {
			isa = XCBuildConfiguration;
			buildSettings = {
				ASSETCATALOG_COMPILER_APPICON_NAME = AppIcon;
				INFOPLIST_FILE = Tutorial_08_ObjectFrame/Info.plist;
				LD_RUNPATH_SEARCH_PATHS = "$(inherited) @executable_path/Frameworks";
				PRODUCT_BUNDLE_IDENTIFIER = "github.tuanquanghpvn.Tutorial-08-ObjectFrame";
				PRODUCT_NAME = "$(TARGET_NAME)";
			};
			name = Debug;
		};
		0D132B261C87CD0300FB6B2A /* Release */ = {
			isa = XCBuildConfiguration;
			buildSettings = {
				ASSETCATALOG_COMPILER_APPICON_NAME = AppIcon;
				INFOPLIST_FILE = Tutorial_08_ObjectFrame/Info.plist;
				LD_RUNPATH_SEARCH_PATHS = "$(inherited) @executable_path/Frameworks";
				PRODUCT_BUNDLE_IDENTIFIER = "github.tuanquanghpvn.Tutorial-08-ObjectFrame";
				PRODUCT_NAME = "$(TARGET_NAME)";
			};
			name = Release;
		};
		0D132B281C87CD0300FB6B2A /* Debug */ = {
			isa = XCBuildConfiguration;
			buildSettings = {
				BUNDLE_LOADER = "$(TEST_HOST)";
				INFOPLIST_FILE = Tutorial_08_ObjectFrameTests/Info.plist;
				LD_RUNPATH_SEARCH_PATHS = "$(inherited) @executable_path/Frameworks @loader_path/Frameworks";
				PRODUCT_BUNDLE_IDENTIFIER = "github.tuanquanghpvn.Tutorial-08-ObjectFrameTests";
				PRODUCT_NAME = "$(TARGET_NAME)";
				TEST_HOST = "$(BUILT_PRODUCTS_DIR)/Tutorial_08_ObjectFrame.app/Tutorial_08_ObjectFrame";
			};
			name = Debug;
		};
		0D132B291C87CD0300FB6B2A /* Release */ = {
			isa = XCBuildConfiguration;
			buildSettings = {
				BUNDLE_LOADER = "$(TEST_HOST)";
				INFOPLIST_FILE = Tutorial_08_ObjectFrameTests/Info.plist;
				LD_RUNPATH_SEARCH_PATHS = "$(inherited) @executable_path/Frameworks @loader_path/Frameworks";
				PRODUCT_BUNDLE_IDENTIFIER = "github.tuanquanghpvn.Tutorial-08-ObjectFrameTests";
				PRODUCT_NAME = "$(TARGET_NAME)";
				TEST_HOST = "$(BUILT_PRODUCTS_DIR)/Tutorial_08_ObjectFrame.app/Tutorial_08_ObjectFrame";
			};
			name = Release;
		};
		0D132B2B1C87CD0300FB6B2A /* Debug */ = {
			isa = XCBuildConfiguration;
			buildSettings = {
				INFOPLIST_FILE = Tutorial_08_ObjectFrameUITests/Info.plist;
				LD_RUNPATH_SEARCH_PATHS = "$(inherited) @executable_path/Frameworks @loader_path/Frameworks";
				PRODUCT_BUNDLE_IDENTIFIER = "github.tuanquanghpvn.Tutorial-08-ObjectFrameUITests";
				PRODUCT_NAME = "$(TARGET_NAME)";
				TEST_TARGET_NAME = Tutorial_08_ObjectFrame;
				USES_XCTRUNNER = YES;
			};
			name = Debug;
		};
		0D132B2C1C87CD0300FB6B2A /* Release */ = {
			isa = XCBuildConfiguration;
			buildSettings = {
				INFOPLIST_FILE = Tutorial_08_ObjectFrameUITests/Info.plist;
				LD_RUNPATH_SEARCH_PATHS = "$(inherited) @executable_path/Frameworks @loader_path/Frameworks";
				PRODUCT_BUNDLE_IDENTIFIER = "github.tuanquanghpvn.Tutorial-08-ObjectFrameUITests";
				PRODUCT_NAME = "$(TARGET_NAME)";
				TEST_TARGET_NAME = Tutorial_08_ObjectFrame;
				USES_XCTRUNNER = YES;
			};
			name = Release;
		};
/* End XCBuildConfiguration section */

/* Begin XCConfigurationList section */
		0D132AF71C87CD0300FB6B2A /* Build configuration list for PBXProject "Tutorial_08_ObjectFrame" */ = {
			isa = XCConfigurationList;
			buildConfigurations = (
				0D132B221C87CD0300FB6B2A /* Debug */,
				0D132B231C87CD0300FB6B2A /* Release */,
			);
			defaultConfigurationIsVisible = 0;
			defaultConfigurationName = Release;
		};
		0D132B241C87CD0300FB6B2A /* Build configuration list for PBXNativeTarget "Tutorial_08_ObjectFrame" */ = {
			isa = XCConfigurationList;
			buildConfigurations = (
				0D132B251C87CD0300FB6B2A /* Debug */,
				0D132B261C87CD0300FB6B2A /* Release */,
			);
			defaultConfigurationIsVisible = 0;
		};
		0D132B271C87CD0300FB6B2A /* Build configuration list for PBXNativeTarget "Tutorial_08_ObjectFrameTests" */ = {
			isa = XCConfigurationList;
			buildConfigurations = (
				0D132B281C87CD0300FB6B2A /* Debug */,
				0D132B291C87CD0300FB6B2A /* Release */,
			);
			defaultConfigurationIsVisible = 0;
		};
		0D132B2A1C87CD0300FB6B2A /* Build configuration list for PBXNativeTarget "Tutorial_08_ObjectFrameUITests" */ = {
			isa = XCConfigurationList;
			buildConfigurations = (
				0D132B2B1C87CD0300FB6B2A /* Debug */,
				0D132B2C1C87CD0300FB6B2A /* Release */,
			);
			defaultConfigurationIsVisible = 0;
		};
/* End XCConfigurationList section */
	};
	rootObject = 0D132AF41C87CD0300FB6B2A /* Project object */;
}
